
Microsoft Visual Studio Solution File, Format Version 12.00
# Visual Studio Version 17
VisualStudioVersion = 17.8.34309.116
MinimumVisualStudioVersion = 10.0.40219.1
Project("{9A19103F-16F7-4668-BE54-9A1E7A4F7556}") = "BulkyWeb", "BulkyWeb\BulkyWeb.csproj", "{F2D31DBA-DEFB-46DB-9DCE-0BC155F4BC14}"
EndProject
Project("{FAE04EC0-301F-11D3-BF4B-00C04F79EFBC}") = "BulkyWebRazor_Temp", "BulkyWebRazor_Temp\BulkyWebRazor_Temp.csproj", "{F1D0E5B4-1ABF-4D04-BA09-AD91CCED2AA2}"
EndProject
Global
	GlobalSection(SolutionConfigurationPlatforms) = preSolution
		Debug|Any CPU = Debug|Any CPU
		Release|Any CPU = Release|Any CPU
	EndGlobalSection
	GlobalSection(ProjectConfigurationPlatforms) = postSolution
		{F2D31DBA-DEFB-46DB-9DCE-0BC155F4BC14}.Debug|Any CPU.ActiveCfg = Debug|Any CPU
		{F2D31DBA-DEFB-46DB-9DCE-0BC155F4BC14}.Debug|Any CPU.Build.0 = Debug|Any CPU
		{F2D31DBA-DEFB-46DB-9DCE-0BC155F4BC14}.Release|Any CPU.ActiveCfg = Release|Any CPU
		{F2D31DBA-DEFB-46DB-9DCE-0BC155F4BC14}.Release|Any CPU.Build.0 = Release|Any CPU
		{F1D0E5B4-1ABF-4D04-BA09-AD91CCED2AA2}.Debug|Any CPU.ActiveCfg = Debug|Any CPU
		{F1D0E5B4-1ABF-4D04-BA09-AD91CCED2AA2}.Debug|Any CPU.Build.0 = Debug|Any CPU
		{F1D0E5B4-1ABF-4D04-BA09-AD91CCED2AA2}.Release|Any CPU.ActiveCfg = Release|Any CPU
		{F1D0E5B4-1ABF-4D04-BA09-AD91CCED2AA2}.Release|Any CPU.Build.0 = Release|Any CPU
	EndGlobalSection
	GlobalSection(SolutionProperties) = preSolution
		HideSolutionNode = FALSE
	EndGlobalSection
	GlobalSection(ExtensibilityGlobals) = postSolution
		SolutionGuid = {1C0E05DA-F1B5-40F0-A3AC-DE2938669DED}
	EndGlobalSection
EndGlobal
