
Microsoft Visual Studio Solution File, Format Version 12.00
# Visual Studio Version 17
VisualStudioVersion = 17.8.34309.116
MinimumVisualStudioVersion = 10.0.40219.1
Project("{9A19103F-16F7-4668-BE54-9A1E7A4F7556}") = "BulkyWeb", "BulkyWeb\BulkyWeb.csproj", "{F2D31DBA-DEFB-46DB-9DCE-0BC155F4BC14}"
EndProject
Project("{FAE04EC0-301F-11D3-BF4B-00C04F79EFBC}") = "Bulky.DataAccess", "Bulky.DataAccess\Bulky.DataAccess.csproj", "{057968C6-9829-4186-B76C-709C0FA0BD0C}"
EndProject
Project("{FAE04EC0-301F-11D3-BF4B-00C04F79EFBC}") = "Bulky.Models", "Bulky.Models\Bulky.Models.csproj", "{366250AF-86EF-4D24-BA6B-2F12E8EB254B}"
EndProject
Project("{FAE04EC0-301F-11D3-BF4B-00C04F79EFBC}") = "Bulky.Utility", "Bulky.Utility\Bulky.Utility.csproj", "{F60F76CB-A163-4791-94C0-373DEF845E46}"
EndProject
Global
	GlobalSection(SolutionConfigurationPlatforms) = preSolution
		Debug|Any CPU = Debug|Any CPU
		Release|Any CPU = Release|Any CPU
	EndGlobalSection
	GlobalSection(ProjectConfigurationPlatforms) = postSolution
		{F2D31DBA-DEFB-46DB-9DCE-0BC155F4BC14}.Debug|Any CPU.ActiveCfg = Debug|Any CPU
		{F2D31DBA-DEFB-46DB-9DCE-0BC155F4BC14}.Debug|Any CPU.Build.0 = Debug|Any CPU
		{F2D31DBA-DEFB-46DB-9DCE-0BC155F4BC14}.Release|Any CPU.ActiveCfg = Release|Any CPU
		{F2D31DBA-DEFB-46DB-9DCE-0BC155F4BC14}.Release|Any CPU.Build.0 = Release|Any CPU
		{057968C6-9829-4186-B76C-709C0FA0BD0C}.Debug|Any CPU.ActiveCfg = Debug|Any CPU
		{057968C6-9829-4186-B76C-709C0FA0BD0C}.Debug|Any CPU.Build.0 = Debug|Any CPU
		{057968C6-9829-4186-B76C-709C0FA0BD0C}.Release|Any CPU.ActiveCfg = Release|Any CPU
		{057968C6-9829-4186-B76C-709C0FA0BD0C}.Release|Any CPU.Build.0 = Release|Any CPU
		{366250AF-86EF-4D24-BA6B-2F12E8EB254B}.Debug|Any CPU.ActiveCfg = Debug|Any CPU
		{366250AF-86EF-4D24-BA6B-2F12E8EB254B}.Debug|Any CPU.Build.0 = Debug|Any CPU
		{366250AF-86EF-4D24-BA6B-2F12E8EB254B}.Release|Any CPU.ActiveCfg = Release|Any CPU
		{366250AF-86EF-4D24-BA6B-2F12E8EB254B}.Release|Any CPU.Build.0 = Release|Any CPU
		{F60F76CB-A163-4791-94C0-373DEF845E46}.Debug|Any CPU.ActiveCfg = Debug|Any CPU
		{F60F76CB-A163-4791-94C0-373DEF845E46}.Debug|Any CPU.Build.0 = Debug|Any CPU
		{F60F76CB-A163-4791-94C0-373DEF845E46}.Release|Any CPU.ActiveCfg = Release|Any CPU
		{F60F76CB-A163-4791-94C0-373DEF845E46}.Release|Any CPU.Build.0 = Release|Any CPU
	EndGlobalSection
	GlobalSection(SolutionProperties) = preSolution
		HideSolutionNode = FALSE
	EndGlobalSection
	GlobalSection(ExtensibilityGlobals) = postSolution
		SolutionGuid = {1C0E05DA-F1B5-40F0-A3AC-DE2938669DED}
	EndGlobalSection
EndGlobal
